{
  "originHash" : "3103b25d38e0dc7307c7abe964a1ba0e625dc38e9f4c4cf06378aebdfefc9f7c",
  "pins" : [
    {
      "identity" : "big-num",
      "kind" : "remoteSourceControl",
      "location" : "https://github.com/adam-fowler/big-num",
      "state" : {
        "revision" : "9059dcab8dd001b8143bc512b4477d079e97957f",
        "version" : "2.0.3"
      }
    },
    {
      "identity" : "swift-asn1",
      "kind" : "remoteSourceControl",
      "location" : "https://github.com/apple/swift-asn1.git",
      "state" : {
        "revision" : "a9a5efd40eaf558a2bcd48d64b1d1646be686008",
        "version" : "1.7.1"
      }
    },
    {
      "identity" : "swift-certificates",
      "kind" : "remoteSourceControl",
      "location" : "https://github.com/apple/swift-certificates",
      "state" : {
        "revision" : "89fbc3714264cce8db8e4ec51b64e01c3e28c6c5",
        "version" : "1.19.3"
      }
    },
    {
      "identity" : "swift-crypto",
      "kind" : "remoteSourceControl",
      "location" : "https://github.com/apple/swift-crypto",
      "state" : {
        "revision" : "95ba0316a9b733e92bb6b071255ff46263bbe7dc",
        "version" : "3.15.1"
      }
    },
    {
      "identity" : "swift-srp",
      "kind" : "remoteSourceControl",
      "location" : "https://github.com/adam-fowler/swift-srp",
      "state" : {
        "revision" : "f558df594b4cc3d23b15645fd25f5cc64fc2b6c1",
        "version" : "2.3.0"
      }
    }
  ],
  "version" : 3
}
